
Microsoft Visual Studio Solution File, Format Version 12.00
# Visual Studio Version 17
VisualStudioVersion = 17.5.33516.290
MinimumVisualStudioVersion = 10.0.40219.1
Project("{FAE04EC0-301F-11D3-BF4B-00C04F79EFBC}") = "SWD_1st_Task", "SWD_1st_Task\SWD_1st_Task.csproj", "{4CE0F3D5-1491-4239-A83F-0EFC82CD3C76}"
EndProject
Global
	GlobalSection(SolutionConfigurationPlatforms) = preSolution
		Debug|Any CPU = Debug|Any CPU
		Release|Any CPU = Release|Any CPU
	EndGlobalSection
	GlobalSection(ProjectConfigurationPlatforms) = postSolution
		{4CE0F3D5-1491-4239-A83F-0EFC82CD3C76}.Debug|Any CPU.ActiveCfg = Debug|Any CPU
		{4CE0F3D5-1491-4239-A83F-0EFC82CD3C76}.Debug|Any CPU.Build.0 = Debug|Any CPU
		{4CE0F3D5-1491-4239-A83F-0EFC82CD3C76}.Release|Any CPU.ActiveCfg = Release|Any CPU
		{4CE0F3D5-1491-4239-A83F-0EFC82CD3C76}.Release|Any CPU.Build.0 = Release|Any CPU
	EndGlobalSection
	GlobalSection(SolutionProperties) = preSolution
		HideSolutionNode = FALSE
	EndGlobalSection
	GlobalSection(ExtensibilityGlobals) = postSolution
		SolutionGuid = {97A5EFDE-93D2-4D67-A91D-141926A28D29}
	EndGlobalSection
EndGlobal
